
Microsoft Visual Studio Solution File, Format Version 12.00
# Visual Studio 15
Project("{FAE04EC0-301F-11D3-BF4B-00C04F79EFBC}") = "SteamVR", "SteamVR.csproj", "{E48233D8-6DC2-A1CA-EED1-8DC06F651BFA}"
EndProject
Project("{FAE04EC0-301F-11D3-BF4B-00C04F79EFBC}") = "SteamVR_Actions", "SteamVR_Actions.csproj", "{87538162-0E88-9987-D379-04C038AFB049}"
EndProject
Project("{FAE04EC0-301F-11D3-BF4B-00C04F79EFBC}") = "Assembly-CSharp", "Assembly-CSharp.csproj", "{88E606B3-B1AF-D610-E06B-BCFB0D960D53}"
EndProject
Project("{FAE04EC0-301F-11D3-BF4B-00C04F79EFBC}") = "SteamVR_Input_Editor", "SteamVR_Input_Editor.csproj", "{DFB36B10-3B6F-A73D-E6E4-BDBD022306FD}"
EndProject
Project("{FAE04EC0-301F-11D3-BF4B-00C04F79EFBC}") = "Assembly-CSharp-Editor", "Assembly-CSharp-Editor.csproj", "{A95298D2-8996-2BCB-0AF3-8BDDF469F362}"
EndProject
Project("{FAE04EC0-301F-11D3-BF4B-00C04F79EFBC}") = "SteamVR_Editor", "SteamVR_Editor.csproj", "{2BC56494-3725-1B94-7C34-2380937E60C8}"
EndProject
Project("{FAE04EC0-301F-11D3-BF4B-00C04F79EFBC}") = "SteamVR_Windows_EditorHelper", "SteamVR_Windows_EditorHelper.csproj", "{DA533410-A159-CFB9-82DB-BDEFC1B00B1E}"
EndProject
Project("{FAE04EC0-301F-11D3-BF4B-00C04F79EFBC}") = "SteamVR", "SteamVR.Player.csproj", "{BEE2399B-DE37-F668-4565-49865685AFE8}"
EndProject
Project("{FAE04EC0-301F-11D3-BF4B-00C04F79EFBC}") = "SteamVR_Actions", "SteamVR_Actions.Player.csproj", "{2A4E8855-2271-7897-A05E-465904076E0A}"
EndProject
Project("{FAE04EC0-301F-11D3-BF4B-00C04F79EFBC}") = "Assembly-CSharp", "Assembly-CSharp.Player.csproj", "{22C9FDFE-080E-A831-5D52-A2981BE01E69}"
EndProject
Global
	GlobalSection(SolutionConfigurationPlatforms) = preSolution
		Debug|Any CPU = Debug|Any CPU
		Release|Any CPU = Release|Any CPU
	EndGlobalSection
	GlobalSection(ProjectConfigurationPlatforms) = postSolution
		{E48233D8-6DC2-A1CA-EED1-8DC06F651BFA}.Debug|Any CPU.ActiveCfg = Debug|Any CPU
		{E48233D8-6DC2-A1CA-EED1-8DC06F651BFA}.Debug|Any CPU.Build.0 = Debug|Any CPU
		{E48233D8-6DC2-A1CA-EED1-8DC06F651BFA}.Release|Any CPU.ActiveCfg = Release|Any CPU
		{E48233D8-6DC2-A1CA-EED1-8DC06F651BFA}.Release|Any CPU.Build.0 = Release|Any CPU
		{87538162-0E88-9987-D379-04C038AFB049}.Debug|Any CPU.ActiveCfg = Debug|Any CPU
		{87538162-0E88-9987-D379-04C038AFB049}.Debug|Any CPU.Build.0 = Debug|Any CPU
		{87538162-0E88-9987-D379-04C038AFB049}.Release|Any CPU.ActiveCfg = Release|Any CPU
		{87538162-0E88-9987-D379-04C038AFB049}.Release|Any CPU.Build.0 = Release|Any CPU
		{88E606B3-B1AF-D610-E06B-BCFB0D960D53}.Debug|Any CPU.ActiveCfg = Debug|Any CPU
		{88E606B3-B1AF-D610-E06B-BCFB0D960D53}.Debug|Any CPU.Build.0 = Debug|Any CPU
		{88E606B3-B1AF-D610-E06B-BCFB0D960D53}.Release|Any CPU.ActiveCfg = Release|Any CPU
		{88E606B3-B1AF-D610-E06B-BCFB0D960D53}.Release|Any CPU.Build.0 = Release|Any CPU
		{DFB36B10-3B6F-A73D-E6E4-BDBD022306FD}.Debug|Any CPU.ActiveCfg = Debug|Any CPU
		{DFB36B10-3B6F-A73D-E6E4-BDBD022306FD}.Debug|Any CPU.Build.0 = Debug|Any CPU
		{DFB36B10-3B6F-A73D-E6E4-BDBD022306FD}.Release|Any CPU.ActiveCfg = Release|Any CPU
		{DFB36B10-3B6F-A73D-E6E4-BDBD022306FD}.Release|Any CPU.Build.0 = Release|Any CPU
		{A95298D2-8996-2BCB-0AF3-8BDDF469F362}.Debug|Any CPU.ActiveCfg = Debug|Any CPU
		{A95298D2-8996-2BCB-0AF3-8BDDF469F362}.Debug|Any CPU.Build.0 = Debug|Any CPU
		{A95298D2-8996-2BCB-0AF3-8BDDF469F362}.Release|Any CPU.ActiveCfg = Release|Any CPU
		{A95298D2-8996-2BCB-0AF3-8BDDF469F362}.Release|Any CPU.Build.0 = Release|Any CPU
		{2BC56494-3725-1B94-7C34-2380937E60C8}.Debug|Any CPU.ActiveCfg = Debug|Any CPU
		{2BC56494-3725-1B94-7C34-2380937E60C8}.Debug|Any CPU.Build.0 = Debug|Any CPU
		{2BC56494-3725-1B94-7C34-2380937E60C8}.Release|Any CPU.ActiveCfg = Release|Any CPU
		{2BC56494-3725-1B94-7C34-2380937E60C8}.Release|Any CPU.Build.0 = Release|Any CPU
		{DA533410-A159-CFB9-82DB-BDEFC1B00B1E}.Debug|Any CPU.ActiveCfg = Debug|Any CPU
		{DA533410-A159-CFB9-82DB-BDEFC1B00B1E}.Debug|Any CPU.Build.0 = Debug|Any CPU
		{DA533410-A159-CFB9-82DB-BDEFC1B00B1E}.Release|Any CPU.ActiveCfg = Release|Any CPU
		{DA533410-A159-CFB9-82DB-BDEFC1B00B1E}.Release|Any CPU.Build.0 = Release|Any CPU
		{BEE2399B-DE37-F668-4565-49865685AFE8}.Debug|Any CPU.ActiveCfg = Debug|Any CPU
		{BEE2399B-DE37-F668-4565-49865685AFE8}.Debug|Any CPU.Build.0 = Debug|Any CPU
		{BEE2399B-DE37-F668-4565-49865685AFE8}.Release|Any CPU.ActiveCfg = Release|Any CPU
		{BEE2399B-DE37-F668-4565-49865685AFE8}.Release|Any CPU.Build.0 = Release|Any CPU
		{2A4E8855-2271-7897-A05E-465904076E0A}.Debug|Any CPU.ActiveCfg = Debug|Any CPU
		{2A4E8855-2271-7897-A05E-465904076E0A}.Debug|Any CPU.Build.0 = Debug|Any CPU
		{2A4E8855-2271-7897-A05E-465904076E0A}.Release|Any CPU.ActiveCfg = Release|Any CPU
		{2A4E8855-2271-7897-A05E-465904076E0A}.Release|Any CPU.Build.0 = Release|Any CPU
		{22C9FDFE-080E-A831-5D52-A2981BE01E69}.Debug|Any CPU.ActiveCfg = Debug|Any CPU
		{22C9FDFE-080E-A831-5D52-A2981BE01E69}.Debug|Any CPU.Build.0 = Debug|Any CPU
		{22C9FDFE-080E-A831-5D52-A2981BE01E69}.Release|Any CPU.ActiveCfg = Release|Any CPU
		{22C9FDFE-080E-A831-5D52-A2981BE01E69}.Release|Any CPU.Build.0 = Release|Any CPU
	EndGlobalSection
	GlobalSection(SolutionProperties) = preSolution
		HideSolutionNode = FALSE
	EndGlobalSection
EndGlobal
