
Microsoft Visual Studio Solution File, Format Version 12.00
# Visual Studio 15
Project("{FAE04EC0-301F-11D3-BF4B-00C04F79EFBC}") = "Assembly-CSharp-Editor", "Assembly-CSharp-Editor.csproj", "{74D9A76A-50F8-F8F8-3E83-7CF676279EBF}"
EndProject
Project("{FAE04EC0-301F-11D3-BF4B-00C04F79EFBC}") = "Assembly-CSharp", "Assembly-CSharp.csproj", "{5FB33F4B-34B0-E5B9-16EB-52A557273DDF}"
EndProject
Project("{FAE04EC0-301F-11D3-BF4B-00C04F79EFBC}") = "Assembly-CSharp", "Assembly-CSharp.Player.csproj", "{C62A4F20-9716-17D2-2B75-C750DD341A42}"
EndProject
Global
	GlobalSection(SolutionConfigurationPlatforms) = preSolution
		Debug|Any CPU = Debug|Any CPU
		Release|Any CPU = Release|Any CPU
	EndGlobalSection
	GlobalSection(ProjectConfigurationPlatforms) = postSolution
		{74D9A76A-50F8-F8F8-3E83-7CF676279EBF}.Debug|Any CPU.ActiveCfg = Debug|Any CPU
		{74D9A76A-50F8-F8F8-3E83-7CF676279EBF}.Debug|Any CPU.Build.0 = Debug|Any CPU
		{74D9A76A-50F8-F8F8-3E83-7CF676279EBF}.Release|Any CPU.ActiveCfg = Release|Any CPU
		{74D9A76A-50F8-F8F8-3E83-7CF676279EBF}.Release|Any CPU.Build.0 = Release|Any CPU
		{5FB33F4B-34B0-E5B9-16EB-52A557273DDF}.Debug|Any CPU.ActiveCfg = Debug|Any CPU
		{5FB33F4B-34B0-E5B9-16EB-52A557273DDF}.Debug|Any CPU.Build.0 = Debug|Any CPU
		{5FB33F4B-34B0-E5B9-16EB-52A557273DDF}.Release|Any CPU.ActiveCfg = Release|Any CPU
		{5FB33F4B-34B0-E5B9-16EB-52A557273DDF}.Release|Any CPU.Build.0 = Release|Any CPU
		{C62A4F20-9716-17D2-2B75-C750DD341A42}.Debug|Any CPU.ActiveCfg = Debug|Any CPU
		{C62A4F20-9716-17D2-2B75-C750DD341A42}.Debug|Any CPU.Build.0 = Debug|Any CPU
		{C62A4F20-9716-17D2-2B75-C750DD341A42}.Release|Any CPU.ActiveCfg = Release|Any CPU
		{C62A4F20-9716-17D2-2B75-C750DD341A42}.Release|Any CPU.Build.0 = Release|Any CPU
	EndGlobalSection
	GlobalSection(SolutionProperties) = preSolution
		HideSolutionNode = FALSE
	EndGlobalSection
EndGlobal
